
Microsoft Visual Studio Solution File, Format Version 12.00
# Visual Studio Version 17
VisualStudioVersion = 17.12.35527.113 d17.12
MinimumVisualStudioVersion = 10.0.40219.1
Project("{FAE04EC0-301F-11D3-BF4B-00C04F79EFBC}") = "2280601785_PhamDoQuangLong", "2280601785_PhamDoQuangLong\2280601785_PhamDoQuangLong.csproj", "{D2B47BF7-1441-4971-BF88-AA9F56D5274A}"
EndProject
Global
	GlobalSection(SolutionConfigurationPlatforms) = preSolution
		Debug|Any CPU = Debug|Any CPU
		Release|Any CPU = Release|Any CPU
	EndGlobalSection
	GlobalSection(ProjectConfigurationPlatforms) = postSolution
		{D2B47BF7-1441-4971-BF88-AA9F56D5274A}.Debug|Any CPU.ActiveCfg = Debug|Any CPU
		{D2B47BF7-1441-4971-BF88-AA9F56D5274A}.Debug|Any CPU.Build.0 = Debug|Any CPU
		{D2B47BF7-1441-4971-BF88-AA9F56D5274A}.Release|Any CPU.ActiveCfg = Release|Any CPU
		{D2B47BF7-1441-4971-BF88-AA9F56D5274A}.Release|Any CPU.Build.0 = Release|Any CPU
	EndGlobalSection
	GlobalSection(SolutionProperties) = preSolution
		HideSolutionNode = FALSE
	EndGlobalSection
EndGlobal
